# @generated - this file is auto-generated by `mise lock` https://mise.jdx.dev/dev-tools/mise-lock.html

[[tools.cmake]]
version = "4.4.0"
backend = "aqua:Kitware/CMake"

[tools.cmake."platforms.linux-arm64"]
checksum = "sha256:e98bb53e0b00a8f672424517d34c05bb9b94fd1c888c89e0b81bc8df51d1a94b"
url = "https://github.com/Kitware/CMake/releases/download/v4.4.0/cmake-4.4.0-linux-aarch64.tar.gz"
url_api = "https://api.github.com/repos/Kitware/CMake/releases/assets/471628662"

[tools.cmake."platforms.linux-x64"]
checksum = "sha256:3864eb649b4466ae126a64bbde1657adad78efbbaa068bf38201de5cf1b5349f"
url = "https://github.com/Kitware/CMake/releases/download/v4.4.0/cmake-4.4.0-linux-x86_64.tar.gz"
url_api = "https://api.github.com/repos/Kitware/CMake/releases/assets/471628839"

[tools.cmake."platforms.macos-arm64"]
checksum = "sha256:09d6382059aa1b986b25fd1809459f5eb3da6a1ab342d44d6084265f38541397"
url = "https://github.com/Kitware/CMake/releases/download/v4.4.0/cmake-4.4.0-macos-universal.tar.gz"
url_api = "https://api.github.com/repos/Kitware/CMake/releases/assets/471629018"

[tools.cmake."platforms.macos-x64"]
checksum = "sha256:09d6382059aa1b986b25fd1809459f5eb3da6a1ab342d44d6084265f38541397"
url = "https://github.com/Kitware/CMake/releases/download/v4.4.0/cmake-4.4.0-macos-universal.tar.gz"
url_api = "https://api.github.com/repos/Kitware/CMake/releases/assets/471629018"

[[tools.gh]]
version = "2.96.0"
backend = "aqua:cli/cli"

[tools.gh."platforms.linux-arm64"]
checksum = "sha256:06f86ec7103d41993b76cd78072f43595c34aaa56506d971d9860e67140bf909"
url = "https://github.com/cli/cli/releases/download/v2.96.0/gh_2.96.0_linux_arm64.tar.gz"
url_api = "https://api.github.com/repos/cli/cli/releases/assets/464728549"
provenance = "github-attestations"

[tools.gh."platforms.linux-x64"]
checksum = "sha256:83d5c2ccad5498f58bf6368acb1ab32588cf43ab3a4b1c301bf36328b1c8bd60"
url = "https://github.com/cli/cli/releases/download/v2.96.0/gh_2.96.0_linux_amd64.tar.gz"
url_api = "https://api.github.com/repos/cli/cli/releases/assets/464728543"
provenance = "github-attestations"

[tools.gh."platforms.macos-arm64"]
checksum = "sha256:f23a0c37d963aacc3bed703ccbd59b41c5ca22101fab7f00eb2b7cad23aba463"
url = "https://github.com/cli/cli/releases/download/v2.96.0/gh_2.96.0_macOS_arm64.zip"
url_api = "https://api.github.com/repos/cli/cli/releases/assets/464728562"
provenance = "github-attestations"

[tools.gh."platforms.macos-x64"]
checksum = "sha256:4bd449df9ad639391bc62b8032546f0fe9edcd8526e06682a4f88abd8c5d163c"
url = "https://github.com/cli/cli/releases/download/v2.96.0/gh_2.96.0_macOS_amd64.zip"
url_api = "https://api.github.com/repos/cli/cli/releases/assets/464728560"
provenance = "github-attestations"

[[tools."github:colbymchenry/codegraph"]]
version = "1.5.0"
backend = "github:colbymchenry/codegraph"

[tools."github:colbymchenry/codegraph"."platforms.linux-arm64"]
checksum = "sha256:9f17750aedf45d51f68caae39ed21d6e2a7290b2326e5c53f95a165918ebd1d8"
url = "https://github.com/colbymchenry/codegraph/releases/download/v1.5.0/codegraph-linux-arm64.tar.gz"
url_api = "https://api.github.com/repos/colbymchenry/codegraph/releases/assets/485052592"
provenance = "github-attestations"

[tools."github:colbymchenry/codegraph"."platforms.linux-x64"]
checksum = "sha256:2ba65e87a1210b706bb1e67d5e48b5fc4a1935e43dbb3fb5f31c5597840d2e58"
url = "https://github.com/colbymchenry/codegraph/releases/download/v1.5.0/codegraph-linux-x64.tar.gz"
url_api = "https://api.github.com/repos/colbymchenry/codegraph/releases/assets/485052596"
provenance = "github-attestations"

[tools."github:colbymchenry/codegraph"."platforms.macos-arm64"]
checksum = "sha256:cf5ee435a6e44d097b2f98f2b7b8b9422bb1094844404efed82519c5da1af2cf"
url = "https://github.com/colbymchenry/codegraph/releases/download/v1.5.0/codegraph-darwin-arm64.tar.gz"
url_api = "https://api.github.com/repos/colbymchenry/codegraph/releases/assets/485052595"
provenance = "github-attestations"
provenance_verified = true

[tools."github:colbymchenry/codegraph"."platforms.macos-x64"]
checksum = "sha256:0a0ccc29bf7da9d10be1458d89d7e15c55927ae24cd95e9fa3de4bdfea059dde"
url = "https://github.com/colbymchenry/codegraph/releases/download/v1.5.0/codegraph-darwin-x64.tar.gz"
url_api = "https://api.github.com/repos/colbymchenry/codegraph/releases/assets/485052593"
provenance = "github-attestations"

[[tools."github:rtk-ai/rtk"]]
version = "0.44.0"
backend = "github:rtk-ai/rtk"

[tools."github:rtk-ai/rtk"."platforms.linux-arm64"]
checksum = "sha256:48be2ebe6332ceb67301909125ea20a3f557b07a7c6614defed29f9bf8e1d074"
url = "https://github.com/rtk-ai/rtk/releases/download/v0.44.0/rtk-aarch64-unknown-linux-gnu.tar.gz"
url_api = "https://api.github.com/repos/rtk-ai/rtk/releases/assets/490347176"

[tools."github:rtk-ai/rtk"."platforms.linux-x64"]
checksum = "sha256:3c3316cfc068e372432b415faeab73d46f8047750d488dd94d01d8d9f016a2a1"
url = "https://github.com/rtk-ai/rtk/releases/download/v0.44.0/rtk-x86_64-unknown-linux-musl.tar.gz"
url_api = "https://api.github.com/repos/rtk-ai/rtk/releases/assets/490347169"

[tools."github:rtk-ai/rtk"."platforms.macos-arm64"]
checksum = "sha256:2f6492ffc6c5a2f355b159aef17f30e5bb250abd80329dc03a099b5411638b1c"
url = "https://github.com/rtk-ai/rtk/releases/download/v0.44.0/rtk-aarch64-apple-darwin.tar.gz"
url_api = "https://api.github.com/repos/rtk-ai/rtk/releases/assets/490347172"

[tools."github:rtk-ai/rtk"."platforms.macos-x64"]
checksum = "sha256:027e940d2e9928ea44290577163570bf2540b54c4698d23e3ba170bb34ffeffc"
url = "https://github.com/rtk-ai/rtk/releases/download/v0.44.0/rtk-x86_64-apple-darwin.tar.gz"
url_api = "https://api.github.com/repos/rtk-ai/rtk/releases/assets/490347168"

[[tools.infisical]]
version = "0.43.114"
backend = "github:Infisical/cli"

[tools.infisical.options]
asset_pattern = "cli_{{ version }}_{{ os(macos='darwin') }}_{{ arch(x64='amd64') }}.tar.gz"

[tools.infisical."platforms.linux-arm64"]
checksum = "sha256:8cea18cd32091cb3223b82fac9f2a9f71d9867bcc84a1a99e8028607d09e08bb"
url = "https://github.com/Infisical/cli/releases/download/v0.43.114/cli_0.43.114_linux_arm64.tar.gz"
url_api = "https://api.github.com/repos/Infisical/cli/releases/assets/488896478"

[tools.infisical."platforms.linux-x64"]
checksum = "sha256:c35cdd1c4908b3ea6c0773279f8ae6993f9ec03b5e2d4a7cdc2f38ce89eb33d0"
url = "https://github.com/Infisical/cli/releases/download/v0.43.114/cli_0.43.114_linux_amd64.tar.gz"
url_api = "https://api.github.com/repos/Infisical/cli/releases/assets/488896476"

[tools.infisical."platforms.macos-arm64"]
checksum = "sha256:0bb2cf9098e32038698250e4fcee2b6414476e11088d4ee24e574ecc039b51e4"
url = "https://github.com/Infisical/cli/releases/download/v0.43.114/cli_0.43.114_darwin_arm64.tar.gz"
url_api = "https://api.github.com/repos/Infisical/cli/releases/assets/488893012"

[tools.infisical."platforms.macos-x64"]
checksum = "sha256:5d66815077a9460fe995a1b5babbc0140dc7dabec62529a67c516f204394f218"
url = "https://github.com/Infisical/cli/releases/download/v0.43.114/cli_0.43.114_darwin_amd64.tar.gz"
url_api = "https://api.github.com/repos/Infisical/cli/releases/assets/488893011"

[[tools.jq]]
version = "1.8.2"
backend = "aqua:jqlang/jq"

[tools.jq."platforms.linux-arm64"]
checksum = "sha256:8b85c817833814ddca00a144c33705546355afccf0cf39b188f3cdb48b852309"
url = "https://github.com/jqlang/jq/releases/download/jq-1.8.2/jq-linux-arm64"
url_api = "https://api.github.com/repos/jqlang/jq/releases/assets/453012756"
provenance = "github-attestations"

[tools.jq."platforms.linux-x64"]
checksum = "sha256:b1c22172dd303f3be49e935aa56aa48a8b7a46e0bc838b4997d3bb451495870f"
url = "https://github.com/jqlang/jq/releases/download/jq-1.8.2/jq-linux-amd64"
url_api = "https://api.github.com/repos/jqlang/jq/releases/assets/453012752"
provenance = "github-attestations"

[tools.jq."platforms.macos-arm64"]
checksum = "sha256:2d75340ba57a4b4b4c8708a21c2dc8e958a48aaa8bba13b27f77f6e4c0eca07e"
url = "https://github.com/jqlang/jq/releases/download/jq-1.8.2/jq-macos-arm64"
url_api = "https://api.github.com/repos/jqlang/jq/releases/assets/453012783"
provenance = "github-attestations"

[tools.jq."platforms.macos-x64"]
checksum = "sha256:e94b266e3c26690550006abe63152b782280f4e14374accdf04cbde844f00bc0"
url = "https://github.com/jqlang/jq/releases/download/jq-1.8.2/jq-macos-amd64"
url_api = "https://api.github.com/repos/jqlang/jq/releases/assets/453012782"
provenance = "github-attestations"

[[tools.ninja]]
version = "1.13.2"
backend = "aqua:ninja-build/ninja"

[tools.ninja."platforms.linux-arm64"]
checksum = "sha256:fd2cacc8050a7f12a16a2e48f9e06fca5c14fc4c2bee2babb67b58be17a607fc"
url = "https://github.com/ninja-build/ninja/releases/download/v1.13.2/ninja-linux-aarch64.zip"
url_api = "https://api.github.com/repos/ninja-build/ninja/releases/assets/318864579"

[tools.ninja."platforms.linux-x64"]
checksum = "sha256:5749cbc4e668273514150a80e387a957f933c6ed3f5f11e03fb30955e2bbead6"
url = "https://github.com/ninja-build/ninja/releases/download/v1.13.2/ninja-linux.zip"
url_api = "https://api.github.com/repos/ninja-build/ninja/releases/assets/318865358"

[tools.ninja."platforms.macos-arm64"]
checksum = "sha256:c99048673aa765960a99cf10c6ddb9f1fad506099ff0a0e137ad8960a88f321b"
url = "https://github.com/ninja-build/ninja/releases/download/v1.13.2/ninja-mac.zip"
url_api = "https://api.github.com/repos/ninja-build/ninja/releases/assets/318863524"

[tools.ninja."platforms.macos-x64"]
checksum = "sha256:c99048673aa765960a99cf10c6ddb9f1fad506099ff0a0e137ad8960a88f321b"
url = "https://github.com/ninja-build/ninja/releases/download/v1.13.2/ninja-mac.zip"
url_api = "https://api.github.com/repos/ninja-build/ninja/releases/assets/318863524"

[[tools.node]]
version = "26.5.0"
backend = "core:node"

[tools.node."platforms.linux-arm64"]
checksum = "sha256:308e5fe89a82461ba5a6cf15ff5221b2cdbd7ae87600aa72bb3c3fbdc66412d1"
url = "https://nodejs.org/dist/v26.5.0/node-v26.5.0-linux-arm64.tar.gz"

[tools.node."platforms.linux-x64"]
checksum = "sha256:22b5f47ad6ae78837e4c2b846019965ce1a06ba143de176102294a1bf44fc677"
url = "https://nodejs.org/dist/v26.5.0/node-v26.5.0-linux-x64.tar.gz"

[tools.node."platforms.macos-arm64"]
checksum = "sha256:ee920559aaa2391569cff4d737e3b83963430e3a14dedd91bfe0ff53171b5af9"
url = "https://nodejs.org/dist/v26.5.0/node-v26.5.0-darwin-arm64.tar.gz"

[tools.node."platforms.macos-x64"]
checksum = "sha256:98293394c945a24e64e00b4177bf075ec963ea70b34d1d2e24bd4a71716d334f"
url = "https://nodejs.org/dist/v26.5.0/node-v26.5.0-darwin-x64.tar.gz"

[[tools.node]]
version = "26.5.1"
backend = "core:node"

[tools.node."platforms.linux-arm64"]
checksum = "sha256:21194bbf41c18d9ec277545c4d14cce8597d57a9d9f494c323d8121a25de33e8"
url = "https://nodejs.org/dist/v26.5.1/node-v26.5.1-linux-arm64.tar.gz"

[tools.node."platforms.linux-x64"]
checksum = "sha256:2b07f09c218d473a26442bff5a90151f53f7b7c0a23bad244eda2c26303a2ba7"
url = "https://nodejs.org/dist/v26.5.1/node-v26.5.1-linux-x64.tar.gz"

[tools.node."platforms.macos-arm64"]
checksum = "sha256:f4387df0b46556516d19abf2f2d6806481ac8368aa7f9d96bafed422a56a1d01"
url = "https://nodejs.org/dist/v26.5.1/node-v26.5.1-darwin-arm64.tar.gz"

[tools.node."platforms.macos-x64"]
checksum = "sha256:077d5c936868dab19d21f77f1e71ce13697e80b3e86a399dcab238902a2ebf93"
url = "https://nodejs.org/dist/v26.5.1/node-v26.5.1-darwin-x64.tar.gz"

[[tools."npm:pnpm"]]
version = "11.17.0"
backend = "npm:pnpm"

[[tools.python]]
version = "3.12.13"
backend = "core:python"

[tools.python."platforms.linux-arm64"]
checksum = "sha256:e125d3e75034fe75d49ae8577b53758b0bb7d7817fadde2c020ad2cf7afe64c4"
url = "https://github.com/astral-sh/python-build-standalone/releases/download/20260728/cpython-3.12.13+20260728-aarch64-unknown-linux-gnu-install_only_stripped.tar.gz"
provenance = "github-attestations"

[tools.python."platforms.linux-x64"]
checksum = "sha256:7ceaf4360f4b4ab44f31d8217cfdc70df8e12b61d9561b4900ee7af87176e50d"
url = "https://github.com/astral-sh/python-build-standalone/releases/download/20260728/cpython-3.12.13+20260728-x86_64-unknown-linux-gnu-install_only_stripped.tar.gz"
provenance = "github-attestations"

[tools.python."platforms.macos-arm64"]
checksum = "sha256:2f18cdef4125ca1440dd1ba00ebcb267526efb532138c0860438f755ea4eebac"
url = "https://github.com/astral-sh/python-build-standalone/releases/download/20260728/cpython-3.12.13+20260728-aarch64-apple-darwin-install_only_stripped.tar.gz"
provenance = "github-attestations"

[tools.python."platforms.macos-x64"]
checksum = "sha256:e654c21d0ba53e2c671868d4112fac5874deca4c35226d36c5cfe53bc5c9cd71"
url = "https://github.com/astral-sh/python-build-standalone/releases/download/20260728/cpython-3.12.13+20260728-x86_64-apple-darwin-install_only_stripped.tar.gz"
provenance = "github-attestations"

[[tools.uv]]
version = "0.11.32"
backend = "aqua:astral-sh/uv"

[tools.uv."platforms.linux-arm64"]
checksum = "sha256:d70cdae687feb6aad9a09fe8d686df8c8efaf69a1007fa581379a2025adc10a5"
url = "https://github.com/astral-sh/uv/releases/download/0.11.32/uv-aarch64-unknown-linux-musl.tar.gz"
url_api = "https://api.github.com/repos/astral-sh/uv/releases/assets/487747547"
provenance = "github-attestations"

[tools.uv."platforms.linux-x64"]
checksum = "sha256:1fd052f196108d87e61fc3d98fe06b4ec758c9a1eb1466a6fd1a436fe45885f2"
url = "https://github.com/astral-sh/uv/releases/download/0.11.32/uv-x86_64-unknown-linux-musl.tar.gz"
url_api = "https://api.github.com/repos/astral-sh/uv/releases/assets/487747669"
provenance = "github-attestations"

[tools.uv."platforms.macos-arm64"]
checksum = "sha256:ed336d0ba49db8ef89b2b41fffa372ce63bd032f22a56f001c265891aec32829"
url = "https://github.com/astral-sh/uv/releases/download/0.11.32/uv-aarch64-apple-darwin.tar.gz"
url_api = "https://api.github.com/repos/astral-sh/uv/releases/assets/487747526"
provenance = "github-attestations"

[tools.uv."platforms.macos-x64"]
checksum = "sha256:77f5ca26c0de20e992a3677a174fe1121ee25c36f9b1434a863f75bf077a05eb"
url = "https://github.com/astral-sh/uv/releases/download/0.11.32/uv-x86_64-apple-darwin.tar.gz"
url_api = "https://api.github.com/repos/astral-sh/uv/releases/assets/487747646"
provenance = "github-attestations"
